
Microsoft Visual Studio Solution File, Format Version 12.00
# Visual Studio Version 17
VisualStudioVersion = 17.3.32825.248
MinimumVisualStudioVersion = 10.0.40219.1
Project("{9A19103F-16F7-4668-BE54-9A1E7A4F7556}") = "SavannaApp", "SavannaApp\SavannaApp.csproj", "{6397C5FC-5EAF-4B55-96D9-53CA2C9B4325}"
EndProject
Project("{9A19103F-16F7-4668-BE54-9A1E7A4F7556}") = "SavannaApp.Tests", "SavannaApp.Tests\SavannaApp.Tests.csproj", "{0A5DBA22-7E11-4B99-8877-FA83C5CB04C6}"
EndProject
Project("{9A19103F-16F7-4668-BE54-9A1E7A4F7556}") = "SavannaApp.Models", "SavannaApp.Models\SavannaApp.Models.csproj", "{16F9443E-C13C-4E75-8069-8C11539E29D7}"
EndProject
Project("{FAE04EC0-301F-11D3-BF4B-00C04F79EFBC}") = "SavannaApp.Animals", "SavannaApp.Animals\SavannaApp.Animals.csproj", "{30849D65-CAE2-4CE6-B451-7BBFF81DB7CA}"
EndProject
Project("{FAE04EC0-301F-11D3-BF4B-00C04F79EFBC}") = "SavannaApp.Services.Interfaces", "SavannaApp.Services.Interfaces\SavannaApp.Services.Interfaces.csproj", "{2431EC14-87E0-475D-91FB-E60283F38DA9}"
EndProject
Global
	GlobalSection(SolutionConfigurationPlatforms) = preSolution
		Debug|Any CPU = Debug|Any CPU
		Release|Any CPU = Release|Any CPU
	EndGlobalSection
	GlobalSection(ProjectConfigurationPlatforms) = postSolution
		{6397C5FC-5EAF-4B55-96D9-53CA2C9B4325}.Debug|Any CPU.ActiveCfg = Debug|Any CPU
		{6397C5FC-5EAF-4B55-96D9-53CA2C9B4325}.Debug|Any CPU.Build.0 = Debug|Any CPU
		{6397C5FC-5EAF-4B55-96D9-53CA2C9B4325}.Release|Any CPU.ActiveCfg = Release|Any CPU
		{6397C5FC-5EAF-4B55-96D9-53CA2C9B4325}.Release|Any CPU.Build.0 = Release|Any CPU
		{0A5DBA22-7E11-4B99-8877-FA83C5CB04C6}.Debug|Any CPU.ActiveCfg = Debug|Any CPU
		{0A5DBA22-7E11-4B99-8877-FA83C5CB04C6}.Debug|Any CPU.Build.0 = Debug|Any CPU
		{0A5DBA22-7E11-4B99-8877-FA83C5CB04C6}.Release|Any CPU.ActiveCfg = Release|Any CPU
		{0A5DBA22-7E11-4B99-8877-FA83C5CB04C6}.Release|Any CPU.Build.0 = Release|Any CPU
		{16F9443E-C13C-4E75-8069-8C11539E29D7}.Debug|Any CPU.ActiveCfg = Debug|Any CPU
		{16F9443E-C13C-4E75-8069-8C11539E29D7}.Debug|Any CPU.Build.0 = Debug|Any CPU
		{16F9443E-C13C-4E75-8069-8C11539E29D7}.Release|Any CPU.ActiveCfg = Release|Any CPU
		{16F9443E-C13C-4E75-8069-8C11539E29D7}.Release|Any CPU.Build.0 = Release|Any CPU
		{30849D65-CAE2-4CE6-B451-7BBFF81DB7CA}.Debug|Any CPU.ActiveCfg = Debug|Any CPU
		{30849D65-CAE2-4CE6-B451-7BBFF81DB7CA}.Debug|Any CPU.Build.0 = Debug|Any CPU
		{30849D65-CAE2-4CE6-B451-7BBFF81DB7CA}.Release|Any CPU.ActiveCfg = Release|Any CPU
		{30849D65-CAE2-4CE6-B451-7BBFF81DB7CA}.Release|Any CPU.Build.0 = Release|Any CPU
		{2431EC14-87E0-475D-91FB-E60283F38DA9}.Debug|Any CPU.ActiveCfg = Debug|Any CPU
		{2431EC14-87E0-475D-91FB-E60283F38DA9}.Debug|Any CPU.Build.0 = Debug|Any CPU
		{2431EC14-87E0-475D-91FB-E60283F38DA9}.Release|Any CPU.ActiveCfg = Release|Any CPU
		{2431EC14-87E0-475D-91FB-E60283F38DA9}.Release|Any CPU.Build.0 = Release|Any CPU
	EndGlobalSection
	GlobalSection(SolutionProperties) = preSolution
		HideSolutionNode = FALSE
	EndGlobalSection
	GlobalSection(ExtensibilityGlobals) = postSolution
		SolutionGuid = {F3D042FF-FCEE-4144-B726-52088CCCBB6D}
	EndGlobalSection
EndGlobal
